// !$*UTF8*$!
{
	archiveVersion = 1;
	classes = {
	};
	objectVersion = 46;
	objects = {

/* Begin PBXBuildFile section */
		A412D0071B4F5A74006180A0 /* cake.png in Resources */ = {isa = PBXBuildFile; fileRef = A412D0061B4F5A74006180A0 /* cake.png */; };
		A412D0301B4FAB87006180A0 /* AFAppDotNetAPIClient.m in Sources */ = {isa = PBXBuildFile; fileRef = A412D0091B4FAB86006180A0 /* AFAppDotNetAPIClient.m */; };
		A412D0311B4FAB87006180A0 /* AFHTTPRequestOperation.m in Sources */ = {isa = PBXBuildFile; fileRef = A412D00C1B4FAB86006180A0 /* AFHTTPRequestOperation.m */; };
		A412D0321B4FAB87006180A0 /* AFHTTPRequestOperationManager.m in Sources */ = {isa = PBXBuildFile; fileRef = A412D00E1B4FAB86006180A0 /* AFHTTPRequestOperationManager.m */; };
		A412D0331B4FAB87006180A0 /* AFHTTPSessionManager.m in Sources */ = {isa = PBXBuildFile; fileRef = A412D0101B4FAB86006180A0 /* AFHTTPSessionManager.m */; };
		A412D0341B4FAB87006180A0 /* AFNetworkReachabilityManager.m in Sources */ = {isa = PBXBuildFile; fileRef = A412D0131B4FAB86006180A0 /* AFNetworkReachabilityManager.m */; };
		A412D0351B4FAB87006180A0 /* AFSecurityPolicy.m in Sources */ = {isa = PBXBuildFile; fileRef = A412D0151B4FAB86006180A0 /* AFSecurityPolicy.m */; };
		A412D0361B4FAB87006180A0 /* AFURLConnectionOperation.m in Sources */ = {isa = PBXBuildFile; fileRef = A412D0171B4FAB86006180A0 /* AFURLConnectionOperation.m */; };
		A412D0371B4FAB87006180A0 /* AFURLRequestSerialization.m in Sources */ = {isa = PBXBuildFile; fileRef = A412D0191B4FAB86006180A0 /* AFURLRequestSerialization.m */; };
		A412D0381B4FAB87006180A0 /* AFURLResponseSerialization.m in Sources */ = {isa = PBXBuildFile; fileRef = A412D01B1B4FAB86006180A0 /* AFURLResponseSerialization.m */; };
		A412D0391B4FAB87006180A0 /* AFURLSessionManager.m in Sources */ = {isa = PBXBuildFile; fileRef = A412D01D1B4FAB86006180A0 /* AFURLSessionManager.m */; };
		A412D03A1B4FAB87006180A0 /* AFNetworkActivityIndicatorManager.m in Sources */ = {isa = PBXBuildFile; fileRef = A412D0201B4FAB87006180A0 /* AFNetworkActivityIndicatorManager.m */; };
		A412D03B1B4FAB87006180A0 /* UIActivityIndicatorView+AFNetworking.m in Sources */ = {isa = PBXBuildFile; fileRef = A412D0221B4FAB87006180A0 /* UIActivityIndicatorView+AFNetworking.m */; };
		A412D03C1B4FAB87006180A0 /* UIAlertView+AFNetworking.m in Sources */ = {isa = PBXBuildFile; fileRef = A412D0241B4FAB87006180A0 /* UIAlertView+AFNetworking.m */; };
		A412D03D1B4FAB87006180A0 /* UIButton+AFNetworking.m in Sources */ = {isa = PBXBuildFile; fileRef = A412D0261B4FAB87006180A0 /* UIButton+AFNetworking.m */; };
		A412D03E1B4FAB87006180A0 /* UIImageView+AFNetworking.m in Sources */ = {isa = PBXBuildFile; fileRef = A412D0281B4FAB87006180A0 /* UIImageView+AFNetworking.m */; };
		A412D03F1B4FAB87006180A0 /* UIProgressView+AFNetworking.m in Sources */ = {isa = PBXBuildFile; fileRef = A412D02B1B4FAB87006180A0 /* UIProgressView+AFNetworking.m */; };
		A412D0401B4FAB87006180A0 /* UIRefreshControl+AFNetworking.m in Sources */ = {isa = PBXBuildFile; fileRef = A412D02D1B4FAB87006180A0 /* UIRefreshControl+AFNetworking.m */; };
		A412D0411B4FAB87006180A0 /* UIWebView+AFNetworking.m in Sources */ = {isa = PBXBuildFile; fileRef = A412D02F1B4FAB87006180A0 /* UIWebView+AFNetworking.m */; };
		A447FE9C1B4A198B0053D982 /* main.m in Sources */ = {isa = PBXBuildFile; fileRef = A447FE9B1B4A198B0053D982 /* main.m */; };
		A447FE9F1B4A198B0053D982 /* AppDelegate.mm in Sources */ = {isa = PBXBuildFile; fileRef = A447FE9E1B4A198B0053D982 /* AppDelegate.mm */; };
		A447FEA21B4A198B0053D982 /* dotaerViewController.mm in Sources */ = {isa = PBXBuildFile; fileRef = A447FEA11B4A198B0053D982 /* dotaerViewController.mm */; };
		A447FEA71B4A198B0053D982 /* Images.xcassets in Resources */ = {isa = PBXBuildFile; fileRef = A447FEA61B4A198B0053D982 /* Images.xcassets */; };
		A447FEAA1B4A198B0053D982 /* LaunchScreen.xib in Resources */ = {isa = PBXBuildFile; fileRef = A447FEA81B4A198B0053D982 /* LaunchScreen.xib */; };
		A447FEB61B4A198B0053D982 /* dotaerTests.m in Sources */ = {isa = PBXBuildFile; fileRef = A447FEB51B4A198B0053D982 /* dotaerTests.m */; };
		A447FEC21B4A1BBB0053D982 /* loginViewController.m in Sources */ = {isa = PBXBuildFile; fileRef = A447FEC01B4A1BBB0053D982 /* loginViewController.m */; };
		A447FEC31B4A1BBB0053D982 /* loginViewController.xib in Resources */ = {isa = PBXBuildFile; fileRef = A447FEC11B4A1BBB0053D982 /* loginViewController.xib */; };
		A447FEDF1B4A27600053D982 /* QuartzCore.framework in Frameworks */ = {isa = PBXBuildFile; fileRef = A447FEDE1B4A27600053D982 /* QuartzCore.framework */; };
		A447FEE31B4A48600053D982 /* myMenuViewController.m in Sources */ = {isa = PBXBuildFile; fileRef = A447FEE11B4A48600053D982 /* myMenuViewController.m */; };
		A447FEE41B4A48600053D982 /* myMenuViewController.xib in Resources */ = {isa = PBXBuildFile; fileRef = A447FEE21B4A48600053D982 /* myMenuViewController.xib */; };
		A447FEE81B4A4AF80053D982 /* dotaerViewController.xib in Resources */ = {isa = PBXBuildFile; fileRef = A447FEE71B4A4AF80053D982 /* dotaerViewController.xib */; };
		A447FEED1B4A80190053D982 /* CoreLocation.framework in Frameworks */ = {isa = PBXBuildFile; fileRef = A447FEEC1B4A80190053D982 /* CoreLocation.framework */; };
		A447FEEF1B4A80260053D982 /* OpenGLES.framework in Frameworks */ = {isa = PBXBuildFile; fileRef = A447FEEE1B4A80260053D982 /* OpenGLES.framework */; };
		A447FEF11B4A80300053D982 /* SystemConfiguration.framework in Frameworks */ = {isa = PBXBuildFile; fileRef = A447FEF01B4A80300053D982 /* SystemConfiguration.framework */; };
		A447FEF31B4A803C0053D982 /* CoreGraphics.framework in Frameworks */ = {isa = PBXBuildFile; fileRef = A447FEF21B4A803C0053D982 /* CoreGraphics.framework */; };
		A447FEF51B4A80450053D982 /* Security.framework in Frameworks */ = {isa = PBXBuildFile; fileRef = A447FEF41B4A80450053D982 /* Security.framework */; };
		A447FEF71B4A80C00053D982 /* mapapi.bundle in Resources */ = {isa = PBXBuildFile; fileRef = A447FEF61B4A80C00053D982 /* mapapi.bundle */; };
		A447FEFA1B4A84600053D982 /* listCell.xib in Resources */ = {isa = PBXBuildFile; fileRef = A447FEF91B4A84600053D982 /* listCell.xib */; };
		A4D13E0A1B4CBB9C00C06A2B /* MFSideMenuContainerViewController.m in Sources */ = {isa = PBXBuildFile; fileRef = A4D13E051B4CBB9C00C06A2B /* MFSideMenuContainerViewController.m */; };
		A4D13E0B1B4CBB9C00C06A2B /* MFSideMenuShadow.m in Sources */ = {isa = PBXBuildFile; fileRef = A4D13E071B4CBB9C00C06A2B /* MFSideMenuShadow.m */; };
		A4D13E0C1B4CBB9C00C06A2B /* UIViewController+MFSideMenuAdditions.m in Sources */ = {isa = PBXBuildFile; fileRef = A4D13E091B4CBB9C00C06A2B /* UIViewController+MFSideMenuAdditions.m */; };
		A4D13E0F1B4CBC5700C06A2B /* SideMenuViewController.m in Sources */ = {isa = PBXBuildFile; fileRef = A4D13E0E1B4CBC5700C06A2B /* SideMenuViewController.m */; };
		A4D13E131B4CC22800C06A2B /* centerViewController.m in Sources */ = {isa = PBXBuildFile; fileRef = A4D13E111B4CC22800C06A2B /* centerViewController.m */; };
		A4D13E141B4CC22800C06A2B /* centerViewController.xib in Resources */ = {isa = PBXBuildFile; fileRef = A4D13E121B4CC22800C06A2B /* centerViewController.xib */; };
		A4D13E171B4CEA6800C06A2B /* listCellTableViewCell.m in Sources */ = {isa = PBXBuildFile; fileRef = A4D13E161B4CEA6800C06A2B /* listCellTableViewCell.m */; };
		A4D13E1B1B4CEBE300C06A2B /* Default-568h@2x.png in Resources */ = {isa = PBXBuildFile; fileRef = A4D13E181B4CEBE300C06A2B /* Default-568h@2x.png */; };
		A4D13E1C1B4CEBE300C06A2B /* Default.png in Resources */ = {isa = PBXBuildFile; fileRef = A4D13E191B4CEBE300C06A2B /* Default.png */; };
		A4D13E1D1B4CEBE300C06A2B /* Default@2x.png in Resources */ = {isa = PBXBuildFile; fileRef = A4D13E1A1B4CEBE300C06A2B /* Default@2x.png */; };
		A4D13E1F1B4CEC8200C06A2B /* BaiduMapAPI.framework in Frameworks */ = {isa = PBXBuildFile; fileRef = A4D13E1E1B4CEC8200C06A2B /* BaiduMapAPI.framework */; };
		A4D13E531B4CF96A00C06A2B /* MessageUI.framework in Frameworks */ = {isa = PBXBuildFile; fileRef = A4D13E521B4CF96A00C06A2B /* MessageUI.framework */; };
		A4D13E551B4CF98000C06A2B /* UIKit.framework in Frameworks */ = {isa = PBXBuildFile; fileRef = A4D13E541B4CF98000C06A2B /* UIKit.framework */; };
		A4D13E571B4CF98600C06A2B /* Foundation.framework in Frameworks */ = {isa = PBXBuildFile; fileRef = A4D13E561B4CF98600C06A2B /* Foundation.framework */; };
		A4D13E811B4D1A2300C06A2B /* SideMenuViewController.xib in Resources */ = {isa = PBXBuildFile; fileRef = A4D13E801B4D1A2300C06A2B /* SideMenuViewController.xib */; };
		A4DA560F1B4E16F50010C95D /* dotaLogin.png in Resources */ = {isa = PBXBuildFile; fileRef = A4DA560E1B4E16F50010C95D /* dotaLogin.png */; };
		A4DA56131B4E1AFA0010C95D /* FXBlurView.m in Sources */ = {isa = PBXBuildFile; fileRef = A4DA56121B4E1AFA0010C95D /* FXBlurView.m */; };
		A4DA561B1B4E4B860010C95D /* password.png in Resources */ = {isa = PBXBuildFile; fileRef = A4DA56191B4E4B860010C95D /* password.png */; };
		A4DA561C1B4E4B860010C95D /* username.png in Resources */ = {isa = PBXBuildFile; fileRef = A4DA561A1B4E4B860010C95D /* username.png */; };
		A4DA561F1B4E4C700010C95D /* password1.png in Resources */ = {isa = PBXBuildFile; fileRef = A4DA561D1B4E4C700010C95D /* password1.png */; };
		A4DA56201B4E4C700010C95D /* username1.png in Resources */ = {isa = PBXBuildFile; fileRef = A4DA561E1B4E4C700010C95D /* username1.png */; };
		A4DA56231B4E73280010C95D /* select_selected.png in Resources */ = {isa = PBXBuildFile; fileRef = A4DA56211B4E73280010C95D /* select_selected.png */; };
		A4DA56241B4E73280010C95D /* select.png in Resources */ = {isa = PBXBuildFile; fileRef = A4DA56221B4E73280010C95D /* select.png */; };
		A4DA56271B4E73660010C95D /* register-female@2x.png in Resources */ = {isa = PBXBuildFile; fileRef = A4DA56251B4E73660010C95D /* register-female@2x.png */; };
		A4DA56281B4E73660010C95D /* register-male@2x.png in Resources */ = {isa = PBXBuildFile; fileRef = A4DA56261B4E73660010C95D /* register-male@2x.png */; };
/* End PBXBuildFile section */

/* Begin PBXContainerItemProxy section */
		A447FEB01B4A198B0053D982 /* PBXContainerItemProxy */ = {
			isa = PBXContainerItemProxy;
			containerPortal = A447FE8E1B4A198B0053D982 /* Project object */;
			proxyType = 1;
			remoteGlobalIDString = A447FE951B4A198B0053D982;
			remoteInfo = dotaer;
		};
/* End PBXContainerItemProxy section */

/* Begin PBXFileReference section */
		A412D0061B4F5A74006180A0 /* cake.png */ = {isa = PBXFileReference; lastKnownFileType = image.png; path = cake.png; sourceTree = "<group>"; };
		A412D0081B4FAB86006180A0 /* AFAppDotNetAPIClient.h */ = {isa = PBXFileReference; fileEncoding = 4; lastKnownFileType = sourcecode.c.h; path = AFAppDotNetAPIClient.h; sourceTree = "<group>"; };
		A412D0091B4FAB86006180A0 /* AFAppDotNetAPIClient.m */ = {isa = PBXFileReference; fileEncoding = 4; lastKnownFileType = sourcecode.c.objc; path = AFAppDotNetAPIClient.m; sourceTree = "<group>"; };
		A412D00B1B4FAB86006180A0 /* AFHTTPRequestOperation.h */ = {isa = PBXFileReference; fileEncoding = 4; lastKnownFileType = sourcecode.c.h; path = AFHTTPRequestOperation.h; sourceTree = "<group>"; };
		A412D00C1B4FAB86006180A0 /* AFHTTPRequestOperation.m */ = {isa = PBXFileReference; fileEncoding = 4; lastKnownFileType = sourcecode.c.objc; path = AFHTTPRequestOperation.m; sourceTree = "<group>"; };
		A412D00D1B4FAB86006180A0 /* AFHTTPRequestOperationManager.h */ = {isa = PBXFileReference; fileEncoding = 4; lastKnownFileType = sourcecode.c.h; path = AFHTTPRequestOperationManager.h; sourceTree = "<group>"; };
		A412D00E1B4FAB86006180A0 /* AFHTTPRequestOperationManager.m */ = {isa = PBXFileReference; fileEncoding = 4; lastKnownFileType = sourcecode.c.objc; path = AFHTTPRequestOperationManager.m; sourceTree = "<group>"; };
		A412D00F1B4FAB86006180A0 /* AFHTTPSessionManager.h */ = {isa = PBXFileReference; fileEncoding = 4; lastKnownFileType = sourcecode.c.h; path = AFHTTPSessionManager.h; sourceTree = "<group>"; };
		A412D0101B4FAB86006180A0 /* AFHTTPSessionManager.m */ = {isa = PBXFileReference; fileEncoding = 4; lastKnownFileType = sourcecode.c.objc; path = AFHTTPSessionManager.m; sourceTree = "<group>"; };
		A412D0111B4FAB86006180A0 /* AFNetworking.h */ = {isa = PBXFileReference; fileEncoding = 4; lastKnownFileType = sourcecode.c.h; path = AFNetworking.h; sourceTree = "<group>"; };
		A412D0121B4FAB86006180A0 /* AFNetworkReachabilityManager.h */ = {isa = PBXFileReference; fileEncoding = 4; lastKnownFileType = sourcecode.c.h; path = AFNetworkReachabilityManager.h; sourceTree = "<group>"; };
		A412D0131B4FAB86006180A0 /* AFNetworkReachabilityManager.m */ = {isa = PBXFileReference; fileEncoding = 4; lastKnownFileType = sourcecode.c.objc; path = AFNetworkReachabilityManager.m; sourceTree = "<group>"; };
		A412D0141B4FAB86006180A0 /* AFSecurityPolicy.h */ = {isa = PBXFileReference; fileEncoding = 4; lastKnownFileType = sourcecode.c.h; path = AFSecurityPolicy.h; sourceTree = "<group>"; };
		A412D0151B4FAB86006180A0 /* AFSecurityPolicy.m */ = {isa = PBXFileReference; fileEncoding = 4; lastKnownFileType = sourcecode.c.objc; path = AFSecurityPolicy.m; sourceTree = "<group>"; };
		A412D0161B4FAB86006180A0 /* AFURLConnectionOperation.h */ = {isa = PBXFileReference; fileEncoding = 4; lastKnownFileType = sourcecode.c.h; path = AFURLConnectionOperation.h; sourceTree = "<group>"; };
		A412D0171B4FAB86006180A0 /* AFURLConnectionOperation.m */ = {isa = PBXFileReference; fileEncoding = 4; lastKnownFileType = sourcecode.c.objc; path = AFURLConnectionOperation.m; sourceTree = "<group>"; };
		A412D0181B4FAB86006180A0 /* AFURLRequestSerialization.h */ = {isa = PBXFileReference; fileEncoding = 4; lastKnownFileType = sourcecode.c.h; path = AFURLRequestSerialization.h; sourceTree = "<group>"; };
		A412D0191B4FAB86006180A0 /* AFURLRequestSerialization.m */ = {isa = PBXFileReference; fileEncoding = 4; lastKnownFileType = sourcecode.c.objc; path = AFURLRequestSerialization.m; sourceTree = "<group>"; };
		A412D01A1B4FAB86006180A0 /* AFURLResponseSerialization.h */ = {isa = PBXFileReference; fileEncoding = 4; lastKnownFileType = sourcecode.c.h; path = AFURLResponseSerialization.h; sourceTree = "<group>"; };
		A412D01B1B4FAB86006180A0 /* AFURLResponseSerialization.m */ = {isa = PBXFileReference; fileEncoding = 4; lastKnownFileType = sourcecode.c.objc; path = AFURLResponseSerialization.m; sourceTree = "<group>"; };
		A412D01C1B4FAB86006180A0 /* AFURLSessionManager.h */ = {isa = PBXFileReference; fileEncoding = 4; lastKnownFileType = sourcecode.c.h; path = AFURLSessionManager.h; sourceTree = "<group>"; };
		A412D01D1B4FAB86006180A0 /* AFURLSessionManager.m */ = {isa = PBXFileReference; fileEncoding = 4; lastKnownFileType = sourcecode.c.objc; path = AFURLSessionManager.m; sourceTree = "<group>"; };
		A412D01F1B4FAB87006180A0 /* AFNetworkActivityIndicatorManager.h */ = {isa = PBXFileReference; fileEncoding = 4; lastKnownFileType = sourcecode.c.h; path = AFNetworkActivityIndicatorManager.h; sourceTree = "<group>"; };
		A412D0201B4FAB87006180A0 /* AFNetworkActivityIndicatorManager.m */ = {isa = PBXFileReference; fileEncoding = 4; lastKnownFileType = sourcecode.c.objc; path = AFNetworkActivityIndicatorManager.m; sourceTree = "<group>"; };
		A412D0211B4FAB87006180A0 /* UIActivityIndicatorView+AFNetworking.h */ = {isa = PBXFileReference; fileEncoding = 4; lastKnownFileType = sourcecode.c.h; path = "UIActivityIndicatorView+AFNetworking.h"; sourceTree = "<group>"; };
		A412D0221B4FAB87006180A0 /* UIActivityIndicatorView+AFNetworking.m */ = {isa = PBXFileReference; fileEncoding = 4; lastKnownFileType = sourcecode.c.objc; path = "UIActivityIndicatorView+AFNetworking.m"; sourceTree = "<group>"; };
		A412D0231B4FAB87006180A0 /* UIAlertView+AFNetworking.h */ = {isa = PBXFileReference; fileEncoding = 4; lastKnownFileType = sourcecode.c.h; path = "UIAlertView+AFNetworking.h"; sourceTree = "<group>"; };
		A412D0241B4FAB87006180A0 /* UIAlertView+AFNetworking.m */ = {isa = PBXFileReference; fileEncoding = 4; lastKnownFileType = sourcecode.c.objc; path = "UIAlertView+AFNetworking.m"; sourceTree = "<group>"; };
		A412D0251B4FAB87006180A0 /* UIButton+AFNetworking.h */ = {isa = PBXFileReference; fileEncoding = 4; lastKnownFileType = sourcecode.c.h; path = "UIButton+AFNetworking.h"; sourceTree = "<group>"; };
		A412D0261B4FAB87006180A0 /* UIButton+AFNetworking.m */ = {isa = PBXFileReference; fileEncoding = 4; lastKnownFileType = sourcecode.c.objc; path = "UIButton+AFNetworking.m"; sourceTree = "<group>"; };
		A412D0271B4FAB87006180A0 /* UIImageView+AFNetworking.h */ = {isa = PBXFileReference; fileEncoding = 4; lastKnownFileType = sourcecode.c.h; path = "UIImageView+AFNetworking.h"; sourceTree = "<group>"; };
		A412D0281B4FAB87006180A0 /* UIImageView+AFNetworking.m */ = {isa = PBXFileReference; fileEncoding = 4; lastKnownFileType = sourcecode.c.objc; path = "UIImageView+AFNetworking.m"; sourceTree = "<group>"; };
		A412D0291B4FAB87006180A0 /* UIKit+AFNetworking.h */ = {isa = PBXFileReference; fileEncoding = 4; lastKnownFileType = sourcecode.c.h; path = "UIKit+AFNetworking.h"; sourceTree = "<group>"; };
		A412D02A1B4FAB87006180A0 /* UIProgressView+AFNetworking.h */ = {isa = PBXFileReference; fileEncoding = 4; lastKnownFileType = sourcecode.c.h; path = "UIProgressView+AFNetworking.h"; sourceTree = "<group>"; };
		A412D02B1B4FAB87006180A0 /* UIProgressView+AFNetworking.m */ = {isa = PBXFileReference; fileEncoding = 4; lastKnownFileType = sourcecode.c.objc; path = "UIProgressView+AFNetworking.m"; sourceTree = "<group>"; };
		A412D02C1B4FAB87006180A0 /* UIRefreshControl+AFNetworking.h */ = {isa = PBXFileReference; fileEncoding = 4; lastKnownFileType = sourcecode.c.h; path = "UIRefreshControl+AFNetworking.h"; sourceTree = "<group>"; };
		A412D02D1B4FAB87006180A0 /* UIRefreshControl+AFNetworking.m */ = {isa = PBXFileReference; fileEncoding = 4; lastKnownFileType = sourcecode.c.objc; path = "UIRefreshControl+AFNetworking.m"; sourceTree = "<group>"; };
		A412D02E1B4FAB87006180A0 /* UIWebView+AFNetworking.h */ = {isa = PBXFileReference; fileEncoding = 4; lastKnownFileType = sourcecode.c.h; path = "UIWebView+AFNetworking.h"; sourceTree = "<group>"; };
		A412D02F1B4FAB87006180A0 /* UIWebView+AFNetworking.m */ = {isa = PBXFileReference; fileEncoding = 4; lastKnownFileType = sourcecode.c.objc; path = "UIWebView+AFNetworking.m"; sourceTree = "<group>"; };
		A447FE961B4A198B0053D982 /* dotaer.app */ = {isa = PBXFileReference; explicitFileType = wrapper.application; includeInIndex = 0; path = dotaer.app; sourceTree = BUILT_PRODUCTS_DIR; };
		A447FE9A1B4A198B0053D982 /* Info.plist */ = {isa = PBXFileReference; lastKnownFileType = text.plist.xml; path = Info.plist; sourceTree = "<group>"; };
		A447FE9B1B4A198B0053D982 /* main.m */ = {isa = PBXFileReference; lastKnownFileType = sourcecode.c.objc; path = main.m; sourceTree = "<group>"; };
		A447FE9D1B4A198B0053D982 /* AppDelegate.h */ = {isa = PBXFileReference; lastKnownFileType = sourcecode.c.h; path = AppDelegate.h; sourceTree = "<group>"; };
		A447FE9E1B4A198B0053D982 /* AppDelegate.mm */ = {isa = PBXFileReference; lastKnownFileType = sourcecode.cpp.objcpp; path = AppDelegate.mm; sourceTree = "<group>"; };
		A447FEA01B4A198B0053D982 /* dotaerViewController.h */ = {isa = PBXFileReference; lastKnownFileType = sourcecode.c.h; path = dotaerViewController.h; sourceTree = "<group>"; };
		A447FEA11B4A198B0053D982 /* dotaerViewController.mm */ = {isa = PBXFileReference; lastKnownFileType = sourcecode.cpp.objcpp; path = dotaerViewController.mm; sourceTree = "<group>"; };
		A447FEA61B4A198B0053D982 /* Images.xcassets */ = {isa = PBXFileReference; lastKnownFileType = folder.assetcatalog; path = Images.xcassets; sourceTree = "<group>"; };
		A447FEA91B4A198B0053D982 /* Base */ = {isa = PBXFileReference; lastKnownFileType = file.xib; name = Base; path = Base.lproj/LaunchScreen.xib; sourceTree = "<group>"; };
		A447FEAF1B4A198B0053D982 /* dotaerTests.xctest */ = {isa = PBXFileReference; explicitFileType = wrapper.cfbundle; includeInIndex = 0; path = dotaerTests.xctest; sourceTree = BUILT_PRODUCTS_DIR; };
		A447FEB41B4A198B0053D982 /* Info.plist */ = {isa = PBXFileReference; lastKnownFileType = text.plist.xml; path = Info.plist; sourceTree = "<group>"; };
		A447FEB51B4A198B0053D982 /* dotaerTests.m */ = {isa = PBXFileReference; lastKnownFileType = sourcecode.c.objc; path = dotaerTests.m; sourceTree = "<group>"; };
		A447FEBF1B4A1BBB0053D982 /* loginViewController.h */ = {isa = PBXFileReference; fileEncoding = 4; lastKnownFileType = sourcecode.c.h; path = loginViewController.h; sourceTree = "<group>"; };
		A447FEC01B4A1BBB0053D982 /* loginViewController.m */ = {isa = PBXFileReference; fileEncoding = 4; lastKnownFileType = sourcecode.c.objc; path = loginViewController.m; sourceTree = "<group>"; };
		A447FEC11B4A1BBB0053D982 /* loginViewController.xib */ = {isa = PBXFileReference; fileEncoding = 4; lastKnownFileType = file.xib; path = loginViewController.xib; sourceTree = "<group>"; };
		A447FEDE1B4A27600053D982 /* QuartzCore.framework */ = {isa = PBXFileReference; lastKnownFileType = wrapper.framework; name = QuartzCore.framework; path = System/Library/Frameworks/QuartzCore.framework; sourceTree = SDKROOT; };
		A447FEE01B4A48600053D982 /* myMenuViewController.h */ = {isa = PBXFileReference; fileEncoding = 4; lastKnownFileType = sourcecode.c.h; path = myMenuViewController.h; sourceTree = "<group>"; };
		A447FEE11B4A48600053D982 /* myMenuViewController.m */ = {isa = PBXFileReference; fileEncoding = 4; lastKnownFileType = sourcecode.c.objc; path = myMenuViewController.m; sourceTree = "<group>"; };
		A447FEE21B4A48600053D982 /* myMenuViewController.xib */ = {isa = PBXFileReference; fileEncoding = 4; lastKnownFileType = file.xib; path = myMenuViewController.xib; sourceTree = "<group>"; };
		A447FEE71B4A4AF80053D982 /* dotaerViewController.xib */ = {isa = PBXFileReference; fileEncoding = 4; lastKnownFileType = file.xib; path = dotaerViewController.xib; sourceTree = "<group>"; };
		A447FEE91B4A4D380053D982 /* globalVar.h */ = {isa = PBXFileReference; fileEncoding = 4; lastKnownFileType = sourcecode.c.h; path = globalVar.h; sourceTree = "<group>"; };
		A447FEEC1B4A80190053D982 /* CoreLocation.framework */ = {isa = PBXFileReference; lastKnownFileType = wrapper.framework; name = CoreLocation.framework; path = System/Library/Frameworks/CoreLocation.framework; sourceTree = SDKROOT; };
		A447FEEE1B4A80260053D982 /* OpenGLES.framework */ = {isa = PBXFileReference; lastKnownFileType = wrapper.framework; name = OpenGLES.framework; path = System/Library/Frameworks/OpenGLES.framework; sourceTree = SDKROOT; };
		A447FEF01B4A80300053D982 /* SystemConfiguration.framework */ = {isa = PBXFileReference; lastKnownFileType = wrapper.framework; name = SystemConfiguration.framework; path = System/Library/Frameworks/SystemConfiguration.framework; sourceTree = SDKROOT; };
		A447FEF21B4A803C0053D982 /* CoreGraphics.framework */ = {isa = PBXFileReference; lastKnownFileType = wrapper.framework; name = CoreGraphics.framework; path = System/Library/Frameworks/CoreGraphics.framework; sourceTree = SDKROOT; };
		A447FEF41B4A80450053D982 /* Security.framework */ = {isa = PBXFileReference; lastKnownFileType = wrapper.framework; name = Security.framework; path = System/Library/Frameworks/Security.framework; sourceTree = SDKROOT; };
		A447FEF61B4A80C00053D982 /* mapapi.bundle */ = {isa = PBXFileReference; lastKnownFileType = "wrapper.plug-in"; name = mapapi.bundle; path = BaiduMapAPI.framework/Resources/mapapi.bundle; sourceTree = "<group>"; };
		A447FEF91B4A84600053D982 /* listCell.xib */ = {isa = PBXFileReference; fileEncoding = 4; lastKnownFileType = file.xib; path = listCell.xib; sourceTree = "<group>"; };
		A4D13E031B4CBB9C00C06A2B /* MFSideMenu.h */ = {isa = PBXFileReference; fileEncoding = 4; lastKnownFileType = sourcecode.c.h; path = MFSideMenu.h; sourceTree = "<group>"; };
		A4D13E041B4CBB9C00C06A2B /* MFSideMenuContainerViewController.h */ = {isa = PBXFileReference; fileEncoding = 4; lastKnownFileType = sourcecode.c.h; path = MFSideMenuContainerViewController.h; sourceTree = "<group>"; };
		A4D13E051B4CBB9C00C06A2B /* MFSideMenuContainerViewController.m */ = {isa = PBXFileReference; fileEncoding = 4; lastKnownFileType = sourcecode.c.objc; path = MFSideMenuContainerViewController.m; sourceTree = "<group>"; };
		A4D13E061B4CBB9C00C06A2B /* MFSideMenuShadow.h */ = {isa = PBXFileReference; fileEncoding = 4; lastKnownFileType = sourcecode.c.h; path = MFSideMenuShadow.h; sourceTree = "<group>"; };
		A4D13E071B4CBB9C00C06A2B /* MFSideMenuShadow.m */ = {isa = PBXFileReference; fileEncoding = 4; lastKnownFileType = sourcecode.c.objc; path = MFSideMenuShadow.m; sourceTree = "<group>"; };
		A4D13E081B4CBB9C00C06A2B /* UIViewController+MFSideMenuAdditions.h */ = {isa = PBXFileReference; fileEncoding = 4; lastKnownFileType = sourcecode.c.h; path = "UIViewController+MFSideMenuAdditions.h"; sourceTree = "<group>"; };
		A4D13E091B4CBB9C00C06A2B /* UIViewController+MFSideMenuAdditions.m */ = {isa = PBXFileReference; fileEncoding = 4; lastKnownFileType = sourcecode.c.objc; path = "UIViewController+MFSideMenuAdditions.m"; sourceTree = "<group>"; };
		A4D13E0D1B4CBC5700C06A2B /* SideMenuViewController.h */ = {isa = PBXFileReference; fileEncoding = 4; lastKnownFileType = sourcecode.c.h; path = SideMenuViewController.h; sourceTree = "<group>"; };
		A4D13E0E1B4CBC5700C06A2B /* SideMenuViewController.m */ = {isa = PBXFileReference; fileEncoding = 4; lastKnownFileType = sourcecode.c.objc; path = SideMenuViewController.m; sourceTree = "<group>"; };
		A4D13E101B4CC22800C06A2B /* centerViewController.h */ = {isa = PBXFileReference; fileEncoding = 4; lastKnownFileType = sourcecode.c.h; path = centerViewController.h; sourceTree = "<group>"; };
		A4D13E111B4CC22800C06A2B /* centerViewController.m */ = {isa = PBXFileReference; fileEncoding = 4; lastKnownFileType = sourcecode.c.objc; path = centerViewController.m; sourceTree = "<group>"; };
		A4D13E121B4CC22800C06A2B /* centerViewController.xib */ = {isa = PBXFileReference; fileEncoding = 4; lastKnownFileType = file.xib; path = centerViewController.xib; sourceTree = "<group>"; };
		A4D13E151B4CEA6800C06A2B /* listCellTableViewCell.h */ = {isa = PBXFileReference; fileEncoding = 4; lastKnownFileType = sourcecode.c.h; path = listCellTableViewCell.h; sourceTree = "<group>"; };
		A4D13E161B4CEA6800C06A2B /* listCellTableViewCell.m */ = {isa = PBXFileReference; fileEncoding = 4; lastKnownFileType = sourcecode.c.objc; path = listCellTableViewCell.m; sourceTree = "<group>"; };
		A4D13E181B4CEBE300C06A2B /* Default-568h@2x.png */ = {isa = PBXFileReference; lastKnownFileType = image.png; path = "Default-568h@2x.png"; sourceTree = "<group>"; };
		A4D13E191B4CEBE300C06A2B /* Default.png */ = {isa = PBXFileReference; lastKnownFileType = image.png; path = Default.png; sourceTree = "<group>"; };
		A4D13E1A1B4CEBE300C06A2B /* Default@2x.png */ = {isa = PBXFileReference; lastKnownFileType = image.png; path = "Default@2x.png"; sourceTree = "<group>"; };
		A4D13E1E1B4CEC8200C06A2B /* BaiduMapAPI.framework */ = {isa = PBXFileReference; lastKnownFileType = wrapper.framework; path = BaiduMapAPI.framework; sourceTree = "<group>"; };
		A4D13E521B4CF96A00C06A2B /* MessageUI.framework */ = {isa = PBXFileReference; lastKnownFileType = wrapper.framework; name = MessageUI.framework; path = System/Library/Frameworks/MessageUI.framework; sourceTree = SDKROOT; };
		A4D13E541B4CF98000C06A2B /* UIKit.framework */ = {isa = PBXFileReference; lastKnownFileType = wrapper.framework; name = UIKit.framework; path = System/Library/Frameworks/UIKit.framework; sourceTree = SDKROOT; };
		A4D13E561B4CF98600C06A2B /* Foundation.framework */ = {isa = PBXFileReference; lastKnownFileType = wrapper.framework; name = Foundation.framework; path = System/Library/Frameworks/Foundation.framework; sourceTree = SDKROOT; };
		A4D13E801B4D1A2300C06A2B /* SideMenuViewController.xib */ = {isa = PBXFileReference; fileEncoding = 4; lastKnownFileType = file.xib; path = SideMenuViewController.xib; sourceTree = "<group>"; };
		A4DA560E1B4E16F50010C95D /* dotaLogin.png */ = {isa = PBXFileReference; lastKnownFileType = image.png; path = dotaLogin.png; sourceTree = "<group>"; };
		A4DA56111B4E1AFA0010C95D /* FXBlurView.h */ = {isa = PBXFileReference; fileEncoding = 4; lastKnownFileType = sourcecode.c.h; path = FXBlurView.h; sourceTree = "<group>"; };
		A4DA56121B4E1AFA0010C95D /* FXBlurView.m */ = {isa = PBXFileReference; fileEncoding = 4; lastKnownFileType = sourcecode.c.objc; path = FXBlurView.m; sourceTree = "<group>"; };
		A4DA56191B4E4B860010C95D /* password.png */ = {isa = PBXFileReference; lastKnownFileType = image.png; path = password.png; sourceTree = "<group>"; };
		A4DA561A1B4E4B860010C95D /* username.png */ = {isa = PBXFileReference; lastKnownFileType = image.png; path = username.png; sourceTree = "<group>"; };
		A4DA561D1B4E4C700010C95D /* password1.png */ = {isa = PBXFileReference; lastKnownFileType = image.png; path = password1.png; sourceTree = "<group>"; };
		A4DA561E1B4E4C700010C95D /* username1.png */ = {isa = PBXFileReference; lastKnownFileType = image.png; path = username1.png; sourceTree = "<group>"; };
		A4DA56211B4E73280010C95D /* select_selected.png */ = {isa = PBXFileReference; lastKnownFileType = image.png; path = select_selected.png; sourceTree = "<group>"; };
		A4DA56221B4E73280010C95D /* select.png */ = {isa = PBXFileReference; lastKnownFileType = image.png; path = select.png; sourceTree = "<group>"; };
		A4DA56251B4E73660010C95D /* register-female@2x.png */ = {isa = PBXFileReference; lastKnownFileType = image.png; path = "register-female@2x.png"; sourceTree = "<group>"; };
		A4DA56261B4E73660010C95D /* register-male@2x.png */ = {isa = PBXFileReference; lastKnownFileType = image.png; path = "register-male@2x.png"; sourceTree = "<group>"; };
/* End PBXFileReference section */

/* Begin PBXFrameworksBuildPhase section */
		A447FE931B4A198B0053D982 /* Frameworks */ = {
			isa = PBXFrameworksBuildPhase;
			buildActionMask = 2147483647;
			files = (
				A4D13E571B4CF98600C06A2B /* Foundation.framework in Frameworks */,
				A4D13E551B4CF98000C06A2B /* UIKit.framework in Frameworks */,
				A4D13E531B4CF96A00C06A2B /* MessageUI.framework in Frameworks */,
				A447FEF51B4A80450053D982 /* Security.framework in Frameworks */,
				A447FEF31B4A803C0053D982 /* CoreGraphics.framework in Frameworks */,
				A447FEF11B4A80300053D982 /* SystemConfiguration.framework in Frameworks */,
				A4D13E1F1B4CEC8200C06A2B /* BaiduMapAPI.framework in Frameworks */,
				A447FEEF1B4A80260053D982 /* OpenGLES.framework in Frameworks */,
				A447FEED1B4A80190053D982 /* CoreLocation.framework in Frameworks */,
				A447FEDF1B4A27600053D982 /* QuartzCore.framework in Frameworks */,
			);
			runOnlyForDeploymentPostprocessing = 0;
		};
		A447FEAC1B4A198B0053D982 /* Frameworks */ = {
			isa = PBXFrameworksBuildPhase;
			buildActionMask = 2147483647;
			files = (
			);
			runOnlyForDeploymentPostprocessing = 0;
		};
/* End PBXFrameworksBuildPhase section */

/* Begin PBXGroup section */
		32E18A50145E6971EB5512EC /* Frameworks */ = {
			isa = PBXGroup;
			children = (
				A4D13E561B4CF98600C06A2B /* Foundation.framework */,
				A4D13E541B4CF98000C06A2B /* UIKit.framework */,
				A4D13E521B4CF96A00C06A2B /* MessageUI.framework */,
			);
			name = Frameworks;
			sourceTree = "<group>";
		};
		A412D00A1B4FAB86006180A0 /* AFNetworking */ = {
			isa = PBXGroup;
			children = (
				A412D00B1B4FAB86006180A0 /* AFHTTPRequestOperation.h */,
				A412D00C1B4FAB86006180A0 /* AFHTTPRequestOperation.m */,
				A412D00D1B4FAB86006180A0 /* AFHTTPRequestOperationManager.h */,
				A412D00E1B4FAB86006180A0 /* AFHTTPRequestOperationManager.m */,
				A412D00F1B4FAB86006180A0 /* AFHTTPSessionManager.h */,
				A412D0101B4FAB86006180A0 /* AFHTTPSessionManager.m */,
				A412D0111B4FAB86006180A0 /* AFNetworking.h */,
				A412D0121B4FAB86006180A0 /* AFNetworkReachabilityManager.h */,
				A412D0131B4FAB86006180A0 /* AFNetworkReachabilityManager.m */,
				A412D0141B4FAB86006180A0 /* AFSecurityPolicy.h */,
				A412D0151B4FAB86006180A0 /* AFSecurityPolicy.m */,
				A412D0161B4FAB86006180A0 /* AFURLConnectionOperation.h */,
				A412D0171B4FAB86006180A0 /* AFURLConnectionOperation.m */,
				A412D0181B4FAB86006180A0 /* AFURLRequestSerialization.h */,
				A412D0191B4FAB86006180A0 /* AFURLRequestSerialization.m */,
				A412D01A1B4FAB86006180A0 /* AFURLResponseSerialization.h */,
				A412D01B1B4FAB86006180A0 /* AFURLResponseSerialization.m */,
				A412D01C1B4FAB86006180A0 /* AFURLSessionManager.h */,
				A412D01D1B4FAB86006180A0 /* AFURLSessionManager.m */,
			);
			path = AFNetworking;
			sourceTree = "<group>";
		};
		A412D01E1B4FAB87006180A0 /* UIKit+AFNetworking */ = {
			isa = PBXGroup;
			children = (
				A412D01F1B4FAB87006180A0 /* AFNetworkActivityIndicatorManager.h */,
				A412D0201B4FAB87006180A0 /* AFNetworkActivityIndicatorManager.m */,
				A412D0211B4FAB87006180A0 /* UIActivityIndicatorView+AFNetworking.h */,
				A412D0221B4FAB87006180A0 /* UIActivityIndicatorView+AFNetworking.m */,
				A412D0231B4FAB87006180A0 /* UIAlertView+AFNetworking.h */,
				A412D0241B4FAB87006180A0 /* UIAlertView+AFNetworking.m */,
				A412D0251B4FAB87006180A0 /* UIButton+AFNetworking.h */,
				A412D0261B4FAB87006180A0 /* UIButton+AFNetworking.m */,
				A412D0271B4FAB87006180A0 /* UIImageView+AFNetworking.h */,
				A412D0281B4FAB87006180A0 /* UIImageView+AFNetworking.m */,
				A412D0291B4FAB87006180A0 /* UIKit+AFNetworking.h */,
				A412D02A1B4FAB87006180A0 /* UIProgressView+AFNetworking.h */,
				A412D02B1B4FAB87006180A0 /* UIProgressView+AFNetworking.m */,
				A412D02C1B4FAB87006180A0 /* UIRefreshControl+AFNetworking.h */,
				A412D02D1B4FAB87006180A0 /* UIRefreshControl+AFNetworking.m */,
				A412D02E1B4FAB87006180A0 /* UIWebView+AFNetworking.h */,
				A412D02F1B4FAB87006180A0 /* UIWebView+AFNetworking.m */,
			);
			path = "UIKit+AFNetworking";
			sourceTree = "<group>";
		};
		A447FE8D1B4A198B0053D982 = {
			isa = PBXGroup;
			children = (
				A447FEF61B4A80C00053D982 /* mapapi.bundle */,
				A4D13E1E1B4CEC8200C06A2B /* BaiduMapAPI.framework */,
				A447FEF41B4A80450053D982 /* Security.framework */,
				A447FEF21B4A803C0053D982 /* CoreGraphics.framework */,
				A447FEF01B4A80300053D982 /* SystemConfiguration.framework */,
				A447FEEE1B4A80260053D982 /* OpenGLES.framework */,
				A447FEEC1B4A80190053D982 /* CoreLocation.framework */,
				A447FEDE1B4A27600053D982 /* QuartzCore.framework */,
				A447FE981B4A198B0053D982 /* dotaer */,
				A447FEB21B4A198B0053D982 /* dotaerTests */,
				A447FE971B4A198B0053D982 /* Products */,
				32E18A50145E6971EB5512EC /* Frameworks */,
			);
			sourceTree = "<group>";
		};
		A447FE971B4A198B0053D982 /* Products */ = {
			isa = PBXGroup;
			children = (
				A447FE961B4A198B0053D982 /* dotaer.app */,
				A447FEAF1B4A198B0053D982 /* dotaerTests.xctest */,
			);
			name = Products;
			sourceTree = "<group>";
		};
		A447FE981B4A198B0053D982 /* dotaer */ = {
			isa = PBXGroup;
			children = (
				A447FEC51B4A24E10053D982 /* third party */,
				A447FE9D1B4A198B0053D982 /* AppDelegate.h */,
				A447FE9E1B4A198B0053D982 /* AppDelegate.mm */,
				A4D13E101B4CC22800C06A2B /* centerViewController.h */,
				A4D13E111B4CC22800C06A2B /* centerViewController.m */,
				A4D13E121B4CC22800C06A2B /* centerViewController.xib */,
				A447FEA01B4A198B0053D982 /* dotaerViewController.h */,
				A447FEA11B4A198B0053D982 /* dotaerViewController.mm */,
				A447FEE71B4A4AF80053D982 /* dotaerViewController.xib */,
				A447FEF81B4A843F0053D982 /* listViewRelated */,
				A447FEE61B4A48710053D982 /* myMenu */,
				A447FEC41B4A1BC30053D982 /* login */,
				A447FEA61B4A198B0053D982 /* Images.xcassets */,
				A447FEA81B4A198B0053D982 /* LaunchScreen.xib */,
				A447FE991B4A198B0053D982 /* Supporting Files */,
			);
			path = dotaer;
			sourceTree = "<group>";
		};
		A447FE991B4A198B0053D982 /* Supporting Files */ = {
			isa = PBXGroup;
			children = (
				A4DA56181B4E49F80010C95D /* login */,
				A4D13E181B4CEBE300C06A2B /* Default-568h@2x.png */,
				A4D13E191B4CEBE300C06A2B /* Default.png */,
				A4D13E1A1B4CEBE300C06A2B /* Default@2x.png */,
				A447FE9A1B4A198B0053D982 /* Info.plist */,
				A447FE9B1B4A198B0053D982 /* main.m */,
			);
			name = "Supporting Files";
			sourceTree = "<group>";
		};
		A447FEB21B4A198B0053D982 /* dotaerTests */ = {
			isa = PBXGroup;
			children = (
				A447FEB51B4A198B0053D982 /* dotaerTests.m */,
				A447FEB31B4A198B0053D982 /* Supporting Files */,
			);
			path = dotaerTests;
			sourceTree = "<group>";
		};
		A447FEB31B4A198B0053D982 /* Supporting Files */ = {
			isa = PBXGroup;
			children = (
				A447FEB41B4A198B0053D982 /* Info.plist */,
			);
			name = "Supporting Files";
			sourceTree = "<group>";
		};
		A447FEC41B4A1BC30053D982 /* login */ = {
			isa = PBXGroup;
			children = (
				A447FEBF1B4A1BBB0053D982 /* loginViewController.h */,
				A447FEC01B4A1BBB0053D982 /* loginViewController.m */,
				A447FEC11B4A1BBB0053D982 /* loginViewController.xib */,
			);
			name = login;
			sourceTree = "<group>";
		};
		A447FEC51B4A24E10053D982 /* third party */ = {
			isa = PBXGroup;
			children = (
				A412D0081B4FAB86006180A0 /* AFAppDotNetAPIClient.h */,
				A412D0091B4FAB86006180A0 /* AFAppDotNetAPIClient.m */,
				A412D00A1B4FAB86006180A0 /* AFNetworking */,
				A412D01E1B4FAB87006180A0 /* UIKit+AFNetworking */,
				A4DA56101B4E1AFA0010C95D /* FXBlurView */,
				A4D13E021B4CBB9C00C06A2B /* MFSideMenu */,
				A447FEE91B4A4D380053D982 /* globalVar.h */,
			);
			name = "third party";
			sourceTree = "<group>";
		};
		A447FEE61B4A48710053D982 /* myMenu */ = {
			isa = PBXGroup;
			children = (
				A447FEE01B4A48600053D982 /* myMenuViewController.h */,
				A447FEE11B4A48600053D982 /* myMenuViewController.m */,
				A447FEE21B4A48600053D982 /* myMenuViewController.xib */,
			);
			name = myMenu;
			sourceTree = "<group>";
		};
		A447FEF81B4A843F0053D982 /* listViewRelated */ = {
			isa = PBXGroup;
			children = (
				A447FEF91B4A84600053D982 /* listCell.xib */,
				A4D13E151B4CEA6800C06A2B /* listCellTableViewCell.h */,
				A4D13E161B4CEA6800C06A2B /* listCellTableViewCell.m */,
			);
			name = listViewRelated;
			sourceTree = "<group>";
		};
		A4D13E021B4CBB9C00C06A2B /* MFSideMenu */ = {
			isa = PBXGroup;
			children = (
				A4D13E031B4CBB9C00C06A2B /* MFSideMenu.h */,
				A4D13E041B4CBB9C00C06A2B /* MFSideMenuContainerViewController.h */,
				A4D13E051B4CBB9C00C06A2B /* MFSideMenuContainerViewController.m */,
				A4D13E061B4CBB9C00C06A2B /* MFSideMenuShadow.h */,
				A4D13E071B4CBB9C00C06A2B /* MFSideMenuShadow.m */,
				A4D13E081B4CBB9C00C06A2B /* UIViewController+MFSideMenuAdditions.h */,
				A4D13E091B4CBB9C00C06A2B /* UIViewController+MFSideMenuAdditions.m */,
				A4D13E0D1B4CBC5700C06A2B /* SideMenuViewController.h */,
				A4D13E0E1B4CBC5700C06A2B /* SideMenuViewController.m */,
				A4D13E801B4D1A2300C06A2B /* SideMenuViewController.xib */,
			);
			path = MFSideMenu;
			sourceTree = "<group>";
		};
		A4DA56101B4E1AFA0010C95D /* FXBlurView */ = {
			isa = PBXGroup;
			children = (
				A4DA56111B4E1AFA0010C95D /* FXBlurView.h */,
				A4DA56121B4E1AFA0010C95D /* FXBlurView.m */,
			);
			path = FXBlurView;
			sourceTree = "<group>";
		};
		A4DA56181B4E49F80010C95D /* login */ = {
			isa = PBXGroup;
			children = (
				A412D0061B4F5A74006180A0 /* cake.png */,
				A4DA56251B4E73660010C95D /* register-female@2x.png */,
				A4DA56261B4E73660010C95D /* register-male@2x.png */,
				A4DA56211B4E73280010C95D /* select_selected.png */,
				A4DA56221B4E73280010C95D /* select.png */,
				A4DA561D1B4E4C700010C95D /* password1.png */,
				A4DA561E1B4E4C700010C95D /* username1.png */,
				A4DA56191B4E4B860010C95D /* password.png */,
				A4DA561A1B4E4B860010C95D /* username.png */,
				A4DA560E1B4E16F50010C95D /* dotaLogin.png */,
			);
			name = login;
			sourceTree = "<group>";
		};
/* End PBXGroup section */

/* Begin PBXNativeTarget section */
		A447FE951B4A198B0053D982 /* dotaer */ = {
			isa = PBXNativeTarget;
			buildConfigurationList = A447FEB91B4A198B0053D982 /* Build configuration list for PBXNativeTarget "dotaer" */;
			buildPhases = (
				A447FE921B4A198B0053D982 /* Sources */,
				A447FE931B4A198B0053D982 /* Frameworks */,
				A447FE941B4A198B0053D982 /* Resources */,
			);
			buildRules = (
			);
			dependencies = (
			);
			name = dotaer;
			productName = dotaer;
			productReference = A447FE961B4A198B0053D982 /* dotaer.app */;
			productType = "com.apple.product-type.application";
		};
		A447FEAE1B4A198B0053D982 /* dotaerTests */ = {
			isa = PBXNativeTarget;
			buildConfigurationList = A447FEBC1B4A198B0053D982 /* Build configuration list for PBXNativeTarget "dotaerTests" */;
			buildPhases = (
				A447FEAB1B4A198B0053D982 /* Sources */,
				A447FEAC1B4A198B0053D982 /* Frameworks */,
				A447FEAD1B4A198B0053D982 /* Resources */,
			);
			buildRules = (
			);
			dependencies = (
				A447FEB11B4A198B0053D982 /* PBXTargetDependency */,
			);
			name = dotaerTests;
			productName = dotaerTests;
			productReference = A447FEAF1B4A198B0053D982 /* dotaerTests.xctest */;
			productType = "com.apple.product-type.bundle.unit-test";
		};
/* End PBXNativeTarget section */

/* Begin PBXProject section */
		A447FE8E1B4A198B0053D982 /* Project object */ = {
			isa = PBXProject;
			attributes = {
				LastUpgradeCheck = 0630;
				ORGANIZATIONNAME = sheepcao;
				TargetAttributes = {
					A447FE951B4A198B0053D982 = {
						CreatedOnToolsVersion = 6.3.1;
						DevelopmentTeam = DBBLJY69ER;
					};
					A447FEAE1B4A198B0053D982 = {
						CreatedOnToolsVersion = 6.3.1;
						TestTargetID = A447FE951B4A198B0053D982;
					};
				};
			};
			buildConfigurationList = A447FE911B4A198B0053D982 /* Build configuration list for PBXProject "dotaer" */;
			compatibilityVersion = "Xcode 3.2";
			developmentRegion = English;
			hasScannedForEncodings = 0;
			knownRegions = (
				en,
				Base,
			);
			mainGroup = A447FE8D1B4A198B0053D982;
			productRefGroup = A447FE971B4A198B0053D982 /* Products */;
			projectDirPath = "";
			projectRoot = "";
			targets = (
				A447FE951B4A198B0053D982 /* dotaer */,
				A447FEAE1B4A198B0053D982 /* dotaerTests */,
			);
		};
/* End PBXProject section */

/* Begin PBXResourcesBuildPhase section */
		A447FE941B4A198B0053D982 /* Resources */ = {
			isa = PBXResourcesBuildPhase;
			buildActionMask = 2147483647;
			files = (
				A4DA561C1B4E4B860010C95D /* username.png in Resources */,
				A4DA561B1B4E4B860010C95D /* password.png in Resources */,
				A447FEFA1B4A84600053D982 /* listCell.xib in Resources */,
				A4DA560F1B4E16F50010C95D /* dotaLogin.png in Resources */,
				A4DA56281B4E73660010C95D /* register-male@2x.png in Resources */,
				A4DA561F1B4E4C700010C95D /* password1.png in Resources */,
				A447FEC31B4A1BBB0053D982 /* loginViewController.xib in Resources */,
				A4DA56241B4E73280010C95D /* select.png in Resources */,
				A4DA56201B4E4C700010C95D /* username1.png in Resources */,
				A4D13E1B1B4CEBE300C06A2B /* Default-568h@2x.png in Resources */,
				A447FEE41B4A48600053D982 /* myMenuViewController.xib in Resources */,
				A4D13E141B4CC22800C06A2B /* centerViewController.xib in Resources */,
				A4DA56271B4E73660010C95D /* register-female@2x.png in Resources */,
				A4D13E1D1B4CEBE300C06A2B /* Default@2x.png in Resources */,
				A447FEAA1B4A198B0053D982 /* LaunchScreen.xib in Resources */,
				A447FEF71B4A80C00053D982 /* mapapi.bundle in Resources */,
				A4DA56231B4E73280010C95D /* select_selected.png in Resources */,
				A4D13E811B4D1A2300C06A2B /* SideMenuViewController.xib in Resources */,
				A447FEE81B4A4AF80053D982 /* dotaerViewController.xib in Resources */,
				A447FEA71B4A198B0053D982 /* Images.xcassets in Resources */,
				A4D13E1C1B4CEBE300C06A2B /* Default.png in Resources */,
				A412D0071B4F5A74006180A0 /* cake.png in Resources */,
			);
			runOnlyForDeploymentPostprocessing = 0;
		};
		A447FEAD1B4A198B0053D982 /* Resources */ = {
			isa = PBXResourcesBuildPhase;
			buildActionMask = 2147483647;
			files = (
			);
			runOnlyForDeploymentPostprocessing = 0;
		};
/* End PBXResourcesBuildPhase section */

/* Begin PBXSourcesBuildPhase section */
		A447FE921B4A198B0053D982 /* Sources */ = {
			isa = PBXSourcesBuildPhase;
			buildActionMask = 2147483647;
			files = (
				A412D03F1B4FAB87006180A0 /* UIProgressView+AFNetworking.m in Sources */,
				A412D0401B4FAB87006180A0 /* UIRefreshControl+AFNetworking.m in Sources */,
				A412D0411B4FAB87006180A0 /* UIWebView+AFNetworking.m in Sources */,
				A4D13E0F1B4CBC5700C06A2B /* SideMenuViewController.m in Sources */,
				A447FEC21B4A1BBB0053D982 /* loginViewController.m in Sources */,
				A412D0321B4FAB87006180A0 /* AFHTTPRequestOperationManager.m in Sources */,
				A4D13E0A1B4CBB9C00C06A2B /* MFSideMenuContainerViewController.m in Sources */,
				A412D0361B4FAB87006180A0 /* AFURLConnectionOperation.m in Sources */,
				A4D13E131B4CC22800C06A2B /* centerViewController.m in Sources */,
				A412D03B1B4FAB87006180A0 /* UIActivityIndicatorView+AFNetworking.m in Sources */,
				A4D13E0B1B4CBB9C00C06A2B /* MFSideMenuShadow.m in Sources */,
				A412D0371B4FAB87006180A0 /* AFURLRequestSerialization.m in Sources */,
				A4DA56131B4E1AFA0010C95D /* FXBlurView.m in Sources */,
				A412D0331B4FAB87006180A0 /* AFHTTPSessionManager.m in Sources */,
				A412D0311B4FAB87006180A0 /* AFHTTPRequestOperation.m in Sources */,
				A447FEA21B4A198B0053D982 /* dotaerViewController.mm in Sources */,
				A412D03A1B4FAB87006180A0 /* AFNetworkActivityIndicatorManager.m in Sources */,
				A412D0351B4FAB87006180A0 /* AFSecurityPolicy.m in Sources */,
				A447FEE31B4A48600053D982 /* myMenuViewController.m in Sources */,
				A412D03E1B4FAB87006180A0 /* UIImageView+AFNetworking.m in Sources */,
				A412D0341B4FAB87006180A0 /* AFNetworkReachabilityManager.m in Sources */,
				A412D0391B4FAB87006180A0 /* AFURLSessionManager.m in Sources */,
				A4D13E0C1B4CBB9C00C06A2B /* UIViewController+MFSideMenuAdditions.m in Sources */,
				A412D03C1B4FAB87006180A0 /* UIAlertView+AFNetworking.m in Sources */,
				A447FE9F1B4A198B0053D982 /* AppDelegate.mm in Sources */,
				A4D13E171B4CEA6800C06A2B /* listCellTableViewCell.m in Sources */,
				A447FE9C1B4A198B0053D982 /* main.m in Sources */,
				A412D0381B4FAB87006180A0 /* AFURLResponseSerialization.m in Sources */,
				A412D03D1B4FAB87006180A0 /* UIButton+AFNetworking.m in Sources */,
				A412D0301B4FAB87006180A0 /* AFAppDotNetAPIClient.m in Sources */,
			);
			runOnlyForDeploymentPostprocessing = 0;
		};
		A447FEAB1B4A198B0053D982 /* Sources */ = {
			isa = PBXSourcesBuildPhase;
			buildActionMask = 2147483647;
			files = (
				A447FEB61B4A198B0053D982 /* dotaerTests.m in Sources */,
			);
			runOnlyForDeploymentPostprocessing = 0;
		};
/* End PBXSourcesBuildPhase section */

/* Begin PBXTargetDependency section */
		A447FEB11B4A198B0053D982 /* PBXTargetDependency */ = {
			isa = PBXTargetDependency;
			target = A447FE951B4A198B0053D982 /* dotaer */;
			targetProxy = A447FEB01B4A198B0053D982 /* PBXContainerItemProxy */;
		};
/* End PBXTargetDependency section */

/* Begin PBXVariantGroup section */
		A447FEA81B4A198B0053D982 /* LaunchScreen.xib */ = {
			isa = PBXVariantGroup;
			children = (
				A447FEA91B4A198B0053D982 /* Base */,
			);
			name = LaunchScreen.xib;
			sourceTree = "<group>";
		};
/* End PBXVariantGroup section */

/* Begin XCBuildConfiguration section */
		A447FEB71B4A198B0053D982 /* Debug */ = {
			isa = XCBuildConfiguration;
			buildSettings = {
				ALWAYS_SEARCH_USER_PATHS = NO;
				CLANG_CXX_LANGUAGE_STANDARD = "gnu++0x";
				CLANG_CXX_LIBRARY = "libc++";
				CLANG_ENABLE_MODULES = YES;
				CLANG_ENABLE_OBJC_ARC = YES;
				CLANG_WARN_BOOL_CONVERSION = YES;
				CLANG_WARN_CONSTANT_CONVERSION = YES;
				CLANG_WARN_DIRECT_OBJC_ISA_USAGE = YES_ERROR;
				CLANG_WARN_EMPTY_BODY = YES;
				CLANG_WARN_ENUM_CONVERSION = YES;
				CLANG_WARN_INT_CONVERSION = YES;
				CLANG_WARN_OBJC_ROOT_CLASS = YES_ERROR;
				CLANG_WARN_UNREACHABLE_CODE = YES;
				CLANG_WARN__DUPLICATE_METHOD_MATCH = YES;
				"CODE_SIGN_IDENTITY[sdk=iphoneos*]" = "iPhone Developer";
				COPY_PHASE_STRIP = NO;
				DEBUG_INFORMATION_FORMAT = "dwarf-with-dsym";
				ENABLE_STRICT_OBJC_MSGSEND = YES;
				GCC_C_LANGUAGE_STANDARD = gnu99;
				GCC_DYNAMIC_NO_PIC = NO;
				GCC_NO_COMMON_BLOCKS = YES;
				GCC_OPTIMIZATION_LEVEL = 0;
				GCC_PREPROCESSOR_DEFINITIONS = (
					"DEBUG=1",
					"$(inherited)",
				);
				GCC_SYMBOLS_PRIVATE_EXTERN = NO;
				GCC_WARN_64_TO_32_BIT_CONVERSION = YES;
				GCC_WARN_ABOUT_RETURN_TYPE = YES_ERROR;
				GCC_WARN_UNDECLARED_SELECTOR = YES;
				GCC_WARN_UNINITIALIZED_AUTOS = YES_AGGRESSIVE;
				GCC_WARN_UNUSED_FUNCTION = YES;
				GCC_WARN_UNUSED_VARIABLE = YES;
				IPHONEOS_DEPLOYMENT_TARGET = 8.3;
				MTL_ENABLE_DEBUG_INFO = YES;
				ONLY_ACTIVE_ARCH = YES;
				OTHER_LDFLAGS = "-all_load";
				SDKROOT = iphoneos;
			};
			name = Debug;
		};
		A447FEB81B4A198B0053D982 /* Release */ = {
			isa = XCBuildConfiguration;
			buildSettings = {
				ALWAYS_SEARCH_USER_PATHS = NO;
				CLANG_CXX_LANGUAGE_STANDARD = "gnu++0x";
				CLANG_CXX_LIBRARY = "libc++";
				CLANG_ENABLE_MODULES = YES;
				CLANG_ENABLE_OBJC_ARC = YES;
				CLANG_WARN_BOOL_CONVERSION = YES;
				CLANG_WARN_CONSTANT_CONVERSION = YES;
				CLANG_WARN_DIRECT_OBJC_ISA_USAGE = YES_ERROR;
				CLANG_WARN_EMPTY_BODY = YES;
				CLANG_WARN_ENUM_CONVERSION = YES;
				CLANG_WARN_INT_CONVERSION = YES;
				CLANG_WARN_OBJC_ROOT_CLASS = YES_ERROR;
				CLANG_WARN_UNREACHABLE_CODE = YES;
				CLANG_WARN__DUPLICATE_METHOD_MATCH = YES;
				"CODE_SIGN_IDENTITY[sdk=iphoneos*]" = "iPhone Developer";
				COPY_PHASE_STRIP = NO;
				DEBUG_INFORMATION_FORMAT = "dwarf-with-dsym";
				ENABLE_NS_ASSERTIONS = NO;
				ENABLE_STRICT_OBJC_MSGSEND = YES;
				GCC_C_LANGUAGE_STANDARD = gnu99;
				GCC_NO_COMMON_BLOCKS = YES;
				GCC_WARN_64_TO_32_BIT_CONVERSION = YES;
				GCC_WARN_ABOUT_RETURN_TYPE = YES_ERROR;
				GCC_WARN_UNDECLARED_SELECTOR = YES;
				GCC_WARN_UNINITIALIZED_AUTOS = YES_AGGRESSIVE;
				GCC_WARN_UNUSED_FUNCTION = YES;
				GCC_WARN_UNUSED_VARIABLE = YES;
				IPHONEOS_DEPLOYMENT_TARGET = 8.3;
				MTL_ENABLE_DEBUG_INFO = NO;
				OTHER_LDFLAGS = "-all_load";
				SDKROOT = iphoneos;
				VALIDATE_PRODUCT = YES;
			};
			name = Release;
		};
		A447FEBA1B4A198B0053D982 /* Debug */ = {
			isa = XCBuildConfiguration;
			buildSettings = {
				ASSETCATALOG_COMPILER_APPICON_NAME = AppIcon;
				CODE_SIGN_IDENTITY = "iPhone Developer";
				FRAMEWORK_SEARCH_PATHS = (
					"$(inherited)",
					"$(PROJECT_DIR)",
				);
				GCC_INPUT_FILETYPE = automatic;
				HEADER_SEARCH_PATHS = "\"$(SRCROOT)/inc/**";
				INFOPLIST_FILE = dotaer/Info.plist;
				IPHONEOS_DEPLOYMENT_TARGET = 7.0;
				LD_RUNPATH_SEARCH_PATHS = "$(inherited) @executable_path/Frameworks";
				LIBRARY_SEARCH_PATHS = (
					"$(inherited)",
					"\"$(SRCROOT)/libs/Release$(EFFECTIVE_PLATFORM_NAME)/\"",
				);
				OTHER_LDFLAGS = "-ObjC";
				PRODUCT_NAME = "$(TARGET_NAME)";
				PROVISIONING_PROFILE = "4546f071-1ac3-4a4e-9281-a8e9ec5d5642";
			};
			name = Debug;
		};
		A447FEBB1B4A198B0053D982 /* Release */ = {
			isa = XCBuildConfiguration;
			buildSettings = {
				ASSETCATALOG_COMPILER_APPICON_NAME = AppIcon;
				CODE_SIGN_IDENTITY = "iPhone Developer";
				FRAMEWORK_SEARCH_PATHS = (
					"$(inherited)",
					"$(PROJECT_DIR)",
				);
				GCC_INPUT_FILETYPE = automatic;
				HEADER_SEARCH_PATHS = "\"$(SRCROOT)/inc/**";
				INFOPLIST_FILE = dotaer/Info.plist;
				IPHONEOS_DEPLOYMENT_TARGET = 7.0;
				LD_RUNPATH_SEARCH_PATHS = "$(inherited) @executable_path/Frameworks";
				LIBRARY_SEARCH_PATHS = (
					"$(inherited)",
					"\"$(SRCROOT)/libs/Release$(EFFECTIVE_PLATFORM_NAME)/\"",
				);
				OTHER_LDFLAGS = "-ObjC";
				PRODUCT_NAME = "$(TARGET_NAME)";
				PROVISIONING_PROFILE = "4546f071-1ac3-4a4e-9281-a8e9ec5d5642";
			};
			name = Release;
		};
		A447FEBD1B4A198B0053D982 /* Debug */ = {
			isa = XCBuildConfiguration;
			buildSettings = {
				BUNDLE_LOADER = "$(TEST_HOST)";
				FRAMEWORK_SEARCH_PATHS = (
					"$(SDKROOT)/Developer/Library/Frameworks",
					"$(inherited)",
				);
				GCC_PREPROCESSOR_DEFINITIONS = (
					"DEBUG=1",
					"$(inherited)",
				);
				INFOPLIST_FILE = dotaerTests/Info.plist;
				LD_RUNPATH_SEARCH_PATHS = "$(inherited) @executable_path/Frameworks @loader_path/Frameworks";
				PRODUCT_NAME = "$(TARGET_NAME)";
				TEST_HOST = "$(BUILT_PRODUCTS_DIR)/dotaer.app/dotaer";
			};
			name = Debug;
		};
		A447FEBE1B4A198B0053D982 /* Release */ = {
			isa = XCBuildConfiguration;
			buildSettings = {
				BUNDLE_LOADER = "$(TEST_HOST)";
				FRAMEWORK_SEARCH_PATHS = (
					"$(SDKROOT)/Developer/Library/Frameworks",
					"$(inherited)",
				);
				INFOPLIST_FILE = dotaerTests/Info.plist;
				LD_RUNPATH_SEARCH_PATHS = "$(inherited) @executable_path/Frameworks @loader_path/Frameworks";
				PRODUCT_NAME = "$(TARGET_NAME)";
				TEST_HOST = "$(BUILT_PRODUCTS_DIR)/dotaer.app/dotaer";
			};
			name = Release;
		};
/* End XCBuildConfiguration section */

/* Begin XCConfigurationList section */
		A447FE911B4A198B0053D982 /* Build configuration list for PBXProject "dotaer" */ = {
			isa = XCConfigurationList;
			buildConfigurations = (
				A447FEB71B4A198B0053D982 /* Debug */,
				A447FEB81B4A198B0053D982 /* Release */,
			);
			defaultConfigurationIsVisible = 0;
			defaultConfigurationName = Release;
		};
		A447FEB91B4A198B0053D982 /* Build configuration list for PBXNativeTarget "dotaer" */ = {
			isa = XCConfigurationList;
			buildConfigurations = (
				A447FEBA1B4A198B0053D982 /* Debug */,
				A447FEBB1B4A198B0053D982 /* Release */,
			);
			defaultConfigurationIsVisible = 0;
			defaultConfigurationName = Release;
		};
		A447FEBC1B4A198B0053D982 /* Build configuration list for PBXNativeTarget "dotaerTests" */ = {
			isa = XCConfigurationList;
			buildConfigurations = (
				A447FEBD1B4A198B0053D982 /* Debug */,
				A447FEBE1B4A198B0053D982 /* Release */,
			);
			defaultConfigurationIsVisible = 0;
			defaultConfigurationName = Release;
		};
/* End XCConfigurationList section */
	};
	rootObject = A447FE8E1B4A198B0053D982 /* Project object */;
}
